
Microsoft Visual Studio Solution File, Format Version 12.00
# Visual Studio Version 17
VisualStudioVersion = 17.1.32319.34
MinimumVisualStudioVersion = 10.0.40219.1
Project("{FAE04EC0-301F-11D3-BF4B-00C04F79EFBC}") = "ConsoleAppZibraa", "ConsoleAppZibraa\ConsoleAppZibraa.csproj", "{3F30CAE6-1DBA-43D1-9DEE-A699F7D266EE}"
EndProject
Global
	GlobalSection(SolutionConfigurationPlatforms) = preSolution
		Debug|Any CPU = Debug|Any CPU
		Release|Any CPU = Release|Any CPU
	EndGlobalSection
	GlobalSection(ProjectConfigurationPlatforms) = postSolution
		{3F30CAE6-1DBA-43D1-9DEE-A699F7D266EE}.Debug|Any CPU.ActiveCfg = Debug|Any CPU
		{3F30CAE6-1DBA-43D1-9DEE-A699F7D266EE}.Debug|Any CPU.Build.0 = Debug|Any CPU
		{3F30CAE6-1DBA-43D1-9DEE-A699F7D266EE}.Release|Any CPU.ActiveCfg = Release|Any CPU
		{3F30CAE6-1DBA-43D1-9DEE-A699F7D266EE}.Release|Any CPU.Build.0 = Release|Any CPU
	EndGlobalSection
	GlobalSection(SolutionProperties) = preSolution
		HideSolutionNode = FALSE
	EndGlobalSection
	GlobalSection(ExtensibilityGlobals) = postSolution
		SolutionGuid = {F4BDBD00-B600-447C-A18D-3618EA92FAEB}
	EndGlobalSection
EndGlobal
